// !$*UTF8*$!
{
	archiveVersion = 1;
	classes = {
	};
	objectVersion = 48;
	objects = {

/* Begin PBXBuildFile section */
		CF1F9AB420990B2E001C4A0A /* GeneralKnowledgeQuestions.swift in Sources */ = {isa = PBXBuildFile; fileRef = CF1F9AB320990B2E001C4A0A /* GeneralKnowledgeQuestions.swift */; };
		CF1F9AB620990B87001C4A0A /* HistoryQuestions.swift in Sources */ = {isa = PBXBuildFile; fileRef = CF1F9AB520990B87001C4A0A /* HistoryQuestions.swift */; };
		CF1F9AB820990BBE001C4A0A /* LiteratureQuestions.swift in Sources */ = {isa = PBXBuildFile; fileRef = CF1F9AB720990BBE001C4A0A /* LiteratureQuestions.swift */; };
		CF1F9ABA20990C20001C4A0A /* Question.swift in Sources */ = {isa = PBXBuildFile; fileRef = CF1F9AB920990C20001C4A0A /* Question.swift */; };
		CF1F9ABD20990D68001C4A0A /* CategoryTableViewController.swift in Sources */ = {isa = PBXBuildFile; fileRef = EC4984852086AB3D007C0445 /* CategoryTableViewController.swift */; };
		CF1F9AC020990D7E001C4A0A /* QuestionScreenViewController.swift in Sources */ = {isa = PBXBuildFile; fileRef = CF7221252075FC06002119F3 /* QuestionScreenViewController.swift */; };
		CF1F9E932091B4E50019C19A /* database.swift in Sources */ = {isa = PBXBuildFile; fileRef = CF1F9E922091B4E50019C19A /* database.swift */; };
		CF2BA9B1208FFA6A0063792A /* AppDelegate.swift in Resources */ = {isa = PBXBuildFile; fileRef = CF7221232075FC06002119F3 /* AppDelegate.swift */; };
		CF2BA9B2208FFA6E0063792A /* CategoryCell.swift in Resources */ = {isa = PBXBuildFile; fileRef = EC4984872086AE11007C0445 /* CategoryCell.swift */; };
		CF7221242075FC06002119F3 /* AppDelegate.swift in Sources */ = {isa = PBXBuildFile; fileRef = CF7221232075FC06002119F3 /* AppDelegate.swift */; };
		CF7221292075FC06002119F3 /* Main.storyboard in Resources */ = {isa = PBXBuildFile; fileRef = CF7221272075FC06002119F3 /* Main.storyboard */; };
		CF72212B2075FC06002119F3 /* Assets.xcassets in Resources */ = {isa = PBXBuildFile; fileRef = CF72212A2075FC06002119F3 /* Assets.xcassets */; };
		CF72212E2075FC06002119F3 /* LaunchScreen.storyboard in Resources */ = {isa = PBXBuildFile; fileRef = CF72212C2075FC06002119F3 /* LaunchScreen.storyboard */; };
		CF7221392075FC07002119F3 /* Trivia_GameTests.swift in Sources */ = {isa = PBXBuildFile; fileRef = CF7221382075FC07002119F3 /* Trivia_GameTests.swift */; };
		CF7221442075FC07002119F3 /* Trivia_GameUITests.swift in Sources */ = {isa = PBXBuildFile; fileRef = CF7221432075FC07002119F3 /* Trivia_GameUITests.swift */; };
		CF8CED06207D7E0800C8226D /* CNPPopupController.m in Sources */ = {isa = PBXBuildFile; fileRef = CF8CED05207D7E0800C8226D /* CNPPopupController.m */; };
		CFCD20B22093A33F0065E433 /* triviaModel.xcdatamodeld in Sources */ = {isa = PBXBuildFile; fileRef = CFCD20B02093A33F0065E433 /* triviaModel.xcdatamodeld */; };
		CFFB9EE52098604700851344 /* QuestionData.swift in Sources */ = {isa = PBXBuildFile; fileRef = CFFB9EE42098604700851344 /* QuestionData.swift */; };
		CFFB9EE72098615800851344 /* QuestionDataProperties.swift in Sources */ = {isa = PBXBuildFile; fileRef = CFFB9EE62098615800851344 /* QuestionDataProperties.swift */; };
		CFFB9EEC20986BCA00851344 /* AnswerScreenViewController.swift in Sources */ = {isa = PBXBuildFile; fileRef = EC4984812086A97C007C0445 /* AnswerScreenViewController.swift */; };
		EC4984882086AE11007C0445 /* CategoryCell.swift in Sources */ = {isa = PBXBuildFile; fileRef = EC4984872086AE11007C0445 /* CategoryCell.swift */; };
/* End PBXBuildFile section */

/* Begin PBXContainerItemProxy section */
		CF7221352075FC07002119F3 /* PBXContainerItemProxy */ = {
			isa = PBXContainerItemProxy;
			containerPortal = CF7221182075FC06002119F3 /* Project object */;
			proxyType = 1;
			remoteGlobalIDString = CF72211F2075FC06002119F3;
			remoteInfo = "Trivia Game";
		};
		CF7221402075FC07002119F3 /* PBXContainerItemProxy */ = {
			isa = PBXContainerItemProxy;
			containerPortal = CF7221182075FC06002119F3 /* Project object */;
			proxyType = 1;
			remoteGlobalIDString = CF72211F2075FC06002119F3;
			remoteInfo = "Trivia Game";
		};
/* End PBXContainerItemProxy section */

/* Begin PBXFileReference section */
		CF1F9AB320990B2E001C4A0A /* GeneralKnowledgeQuestions.swift */ = {isa = PBXFileReference; lastKnownFileType = sourcecode.swift; path = GeneralKnowledgeQuestions.swift; sourceTree = "<group>"; };
		CF1F9AB520990B87001C4A0A /* HistoryQuestions.swift */ = {isa = PBXFileReference; lastKnownFileType = sourcecode.swift; path = HistoryQuestions.swift; sourceTree = "<group>"; };
		CF1F9AB720990BBE001C4A0A /* LiteratureQuestions.swift */ = {isa = PBXFileReference; lastKnownFileType = sourcecode.swift; path = LiteratureQuestions.swift; sourceTree = "<group>"; };
		CF1F9AB920990C20001C4A0A /* Question.swift */ = {isa = PBXFileReference; lastKnownFileType = sourcecode.swift; path = Question.swift; sourceTree = "<group>"; };
		CF1F9E922091B4E50019C19A /* database.swift */ = {isa = PBXFileReference; lastKnownFileType = sourcecode.swift; path = database.swift; sourceTree = "<group>"; };
		CF7221202075FC06002119F3 /* Trivia Game.app */ = {isa = PBXFileReference; explicitFileType = wrapper.application; includeInIndex = 0; path = "Trivia Game.app"; sourceTree = BUILT_PRODUCTS_DIR; };
		CF7221232075FC06002119F3 /* AppDelegate.swift */ = {isa = PBXFileReference; lastKnownFileType = sourcecode.swift; path = AppDelegate.swift; sourceTree = "<group>"; };
		CF7221252075FC06002119F3 /* QuestionScreenViewController.swift */ = {isa = PBXFileReference; lastKnownFileType = sourcecode.swift; path = QuestionScreenViewController.swift; sourceTree = "<group>"; };
		CF7221282075FC06002119F3 /* Base */ = {isa = PBXFileReference; lastKnownFileType = file.storyboard; name = Base; path = Base.lproj/Main.storyboard; sourceTree = "<group>"; };
		CF72212A2075FC06002119F3 /* Assets.xcassets */ = {isa = PBXFileReference; lastKnownFileType = folder.assetcatalog; path = Assets.xcassets; sourceTree = "<group>"; };
		CF72212D2075FC06002119F3 /* Base */ = {isa = PBXFileReference; lastKnownFileType = file.storyboard; name = Base; path = Base.lproj/LaunchScreen.storyboard; sourceTree = "<group>"; };
		CF72212F2075FC06002119F3 /* Info.plist */ = {isa = PBXFileReference; lastKnownFileType = text.plist.xml; path = Info.plist; sourceTree = "<group>"; };
		CF7221342075FC07002119F3 /* Trivia GameTests.xctest */ = {isa = PBXFileReference; explicitFileType = wrapper.cfbundle; includeInIndex = 0; path = "Trivia GameTests.xctest"; sourceTree = BUILT_PRODUCTS_DIR; };
		CF7221382075FC07002119F3 /* Trivia_GameTests.swift */ = {isa = PBXFileReference; lastKnownFileType = sourcecode.swift; path = Trivia_GameTests.swift; sourceTree = "<group>"; };
		CF72213A2075FC07002119F3 /* Info.plist */ = {isa = PBXFileReference; lastKnownFileType = text.plist.xml; path = Info.plist; sourceTree = "<group>"; };
		CF72213F2075FC07002119F3 /* Trivia GameUITests.xctest */ = {isa = PBXFileReference; explicitFileType = wrapper.cfbundle; includeInIndex = 0; path = "Trivia GameUITests.xctest"; sourceTree = BUILT_PRODUCTS_DIR; };
		CF7221432075FC07002119F3 /* Trivia_GameUITests.swift */ = {isa = PBXFileReference; lastKnownFileType = sourcecode.swift; path = Trivia_GameUITests.swift; sourceTree = "<group>"; };
		CF7221452075FC07002119F3 /* Info.plist */ = {isa = PBXFileReference; lastKnownFileType = text.plist.xml; path = Info.plist; sourceTree = "<group>"; };
		CF8CED05207D7E0800C8226D /* CNPPopupController.m */ = {isa = PBXFileReference; lastKnownFileType = sourcecode.c.objc; path = CNPPopupController.m; sourceTree = SOURCE_ROOT; };
		CF8CED07207D7E2A00C8226D /* CNPPopupController.h */ = {isa = PBXFileReference; lastKnownFileType = sourcecode.c.h; path = CNPPopupController.h; sourceTree = "<group>"; };
		CF8CED08207D7F8700C8226D /* Trivia Game-Bridging-Header.h */ = {isa = PBXFileReference; lastKnownFileType = sourcecode.c.h; path = "Trivia Game-Bridging-Header.h"; sourceTree = "<group>"; };
		CFCD20B12093A33F0065E433 /* triviaModel.xcdatamodel */ = {isa = PBXFileReference; lastKnownFileType = wrapper.xcdatamodel; path = triviaModel.xcdatamodel; sourceTree = "<group>"; };
		CFFB9EE42098604700851344 /* QuestionData.swift */ = {isa = PBXFileReference; lastKnownFileType = sourcecode.swift; path = QuestionData.swift; sourceTree = "<group>"; };
		CFFB9EE62098615800851344 /* QuestionDataProperties.swift */ = {isa = PBXFileReference; lastKnownFileType = sourcecode.swift; path = QuestionDataProperties.swift; sourceTree = "<group>"; };
		EC4984812086A97C007C0445 /* AnswerScreenViewController.swift */ = {isa = PBXFileReference; lastKnownFileType = sourcecode.swift; name = AnswerScreenViewController.swift; path = "Trivia Game/AnswerScreenViewController.swift"; sourceTree = SOURCE_ROOT; };
		EC4984852086AB3D007C0445 /* CategoryTableViewController.swift */ = {isa = PBXFileReference; lastKnownFileType = sourcecode.swift; path = CategoryTableViewController.swift; sourceTree = "<group>"; };
		EC4984872086AE11007C0445 /* CategoryCell.swift */ = {isa = PBXFileReference; lastKnownFileType = sourcecode.swift; path = CategoryCell.swift; sourceTree = "<group>"; };
/* End PBXFileReference section */

/* Begin PBXFrameworksBuildPhase section */
		CF72211D2075FC06002119F3 /* Frameworks */ = {
			isa = PBXFrameworksBuildPhase;
			buildActionMask = 2147483647;
			files = (
			);
			runOnlyForDeploymentPostprocessing = 0;
		};
		CF7221312075FC07002119F3 /* Frameworks */ = {
			isa = PBXFrameworksBuildPhase;
			buildActionMask = 2147483647;
			files = (
			);
			runOnlyForDeploymentPostprocessing = 0;
		};
		CF72213C2075FC07002119F3 /* Frameworks */ = {
			isa = PBXFrameworksBuildPhase;
			buildActionMask = 2147483647;
			files = (
			);
			runOnlyForDeploymentPostprocessing = 0;
		};
/* End PBXFrameworksBuildPhase section */

/* Begin PBXGroup section */
		CF7221172075FC06002119F3 = {
			isa = PBXGroup;
			children = (
				CF7221222075FC06002119F3 /* Trivia Game */,
				CF7221372075FC07002119F3 /* Trivia GameTests */,
				CF7221422075FC07002119F3 /* Trivia GameUITests */,
				CF7221212075FC06002119F3 /* Products */,
			);
			sourceTree = "<group>";
		};
		CF7221212075FC06002119F3 /* Products */ = {
			isa = PBXGroup;
			children = (
				CF7221202075FC06002119F3 /* Trivia Game.app */,
				CF7221342075FC07002119F3 /* Trivia GameTests.xctest */,
				CF72213F2075FC07002119F3 /* Trivia GameUITests.xctest */,
			);
			name = Products;
			sourceTree = "<group>";
		};
		CF7221222075FC06002119F3 /* Trivia Game */ = {
			isa = PBXGroup;
			children = (
				EC4984872086AE11007C0445 /* CategoryCell.swift */,
				EC4984852086AB3D007C0445 /* CategoryTableViewController.swift */,
				CF7221232075FC06002119F3 /* AppDelegate.swift */,
				CF7221252075FC06002119F3 /* QuestionScreenViewController.swift */,
				EC4984812086A97C007C0445 /* AnswerScreenViewController.swift */,
				CF7221272075FC06002119F3 /* Main.storyboard */,
				CFCD20B02093A33F0065E433 /* triviaModel.xcdatamodeld */,
				CF72212A2075FC06002119F3 /* Assets.xcassets */,
				CF72212C2075FC06002119F3 /* LaunchScreen.storyboard */,
				CF1F9AB320990B2E001C4A0A /* GeneralKnowledgeQuestions.swift */,
				CF1F9AB520990B87001C4A0A /* HistoryQuestions.swift */,
				CF1F9AB720990BBE001C4A0A /* LiteratureQuestions.swift */,
				CF72212F2075FC06002119F3 /* Info.plist */,
				CFFB9EE42098604700851344 /* QuestionData.swift */,
				CFFB9EE62098615800851344 /* QuestionDataProperties.swift */,
				CF1F9AB920990C20001C4A0A /* Question.swift */,
				CF8CED07207D7E2A00C8226D /* CNPPopupController.h */,
				CF1F9E922091B4E50019C19A /* database.swift */,
				CF8CED08207D7F8700C8226D /* Trivia Game-Bridging-Header.h */,
				CF8CED05207D7E0800C8226D /* CNPPopupController.m */,
			);
			path = "Trivia Game";
			sourceTree = "<group>";
		};
		CF7221372075FC07002119F3 /* Trivia GameTests */ = {
			isa = PBXGroup;
			children = (
				CF7221382075FC07002119F3 /* Trivia_GameTests.swift */,
				CF72213A2075FC07002119F3 /* Info.plist */,
			);
			path = "Trivia GameTests";
			sourceTree = "<group>";
		};
		CF7221422075FC07002119F3 /* Trivia GameUITests */ = {
			isa = PBXGroup;
			children = (
				CF7221432075FC07002119F3 /* Trivia_GameUITests.swift */,
				CF7221452075FC07002119F3 /* Info.plist */,
			);
			path = "Trivia GameUITests";
			sourceTree = "<group>";
		};
/* End PBXGroup section */

/* Begin PBXNativeTarget section */
		CF72211F2075FC06002119F3 /* Trivia Game */ = {
			isa = PBXNativeTarget;
			buildConfigurationList = CF7221482075FC07002119F3 /* Build configuration list for PBXNativeTarget "Trivia Game" */;
			buildPhases = (
				CF72211C2075FC06002119F3 /* Sources */,
				CF72211D2075FC06002119F3 /* Frameworks */,
				CF72211E2075FC06002119F3 /* Resources */,
			);
			buildRules = (
			);
			dependencies = (
			);
			name = "Trivia Game";
			productName = "Trivia Game";
			productReference = CF7221202075FC06002119F3 /* Trivia Game.app */;
			productType = "com.apple.product-type.application";
		};
		CF7221332075FC07002119F3 /* Trivia GameTests */ = {
			isa = PBXNativeTarget;
			buildConfigurationList = CF72214B2075FC07002119F3 /* Build configuration list for PBXNativeTarget "Trivia GameTests" */;
			buildPhases = (
				CF7221302075FC07002119F3 /* Sources */,
				CF7221312075FC07002119F3 /* Frameworks */,
				CF7221322075FC07002119F3 /* Resources */,
			);
			buildRules = (
			);
			dependencies = (
				CF7221362075FC07002119F3 /* PBXTargetDependency */,
			);
			name = "Trivia GameTests";
			productName = "Trivia GameTests";
			productReference = CF7221342075FC07002119F3 /* Trivia GameTests.xctest */;
			productType = "com.apple.product-type.bundle.unit-test";
		};
		CF72213E2075FC07002119F3 /* Trivia GameUITests */ = {
			isa = PBXNativeTarget;
			buildConfigurationList = CF72214E2075FC07002119F3 /* Build configuration list for PBXNativeTarget "Trivia GameUITests" */;
			buildPhases = (
				CF72213B2075FC07002119F3 /* Sources */,
				CF72213C2075FC07002119F3 /* Frameworks */,
				CF72213D2075FC07002119F3 /* Resources */,
			);
			buildRules = (
			);
			dependencies = (
				CF7221412075FC07002119F3 /* PBXTargetDependency */,
			);
			name = "Trivia GameUITests";
			productName = "Trivia GameUITests";
			productReference = CF72213F2075FC07002119F3 /* Trivia GameUITests.xctest */;
			productType = "com.apple.product-type.bundle.ui-testing";
		};
/* End PBXNativeTarget section */

/* Begin PBXProject section */
		CF7221182075FC06002119F3 /* Project object */ = {
			isa = PBXProject;
			attributes = {
				LastSwiftUpdateCheck = 0920;
				LastUpgradeCheck = 0920;
				ORGANIZATIONNAME = "Mark Tompong";
				TargetAttributes = {
					CF72211F2075FC06002119F3 = {
						CreatedOnToolsVersion = 9.2;
						LastSwiftMigration = 0920;
						ProvisioningStyle = Automatic;
					};
					CF7221332075FC07002119F3 = {
						CreatedOnToolsVersion = 9.2;
						ProvisioningStyle = Automatic;
						TestTargetID = CF72211F2075FC06002119F3;
					};
					CF72213E2075FC07002119F3 = {
						CreatedOnToolsVersion = 9.2;
						ProvisioningStyle = Automatic;
						TestTargetID = CF72211F2075FC06002119F3;
					};
				};
			};
			buildConfigurationList = CF72211B2075FC06002119F3 /* Build configuration list for PBXProject "Trivia Game" */;
			compatibilityVersion = "Xcode 8.0";
			developmentRegion = en;
			hasScannedForEncodings = 0;
			knownRegions = (
				en,
				Base,
			);
			mainGroup = CF7221172075FC06002119F3;
			productRefGroup = CF7221212075FC06002119F3 /* Products */;
			projectDirPath = "";
			projectRoot = "";
			targets = (
				CF72211F2075FC06002119F3 /* Trivia Game */,
				CF7221332075FC07002119F3 /* Trivia GameTests */,
				CF72213E2075FC07002119F3 /* Trivia GameUITests */,
			);
		};
/* End PBXProject section */

/* Begin PBXResourcesBuildPhase section */
		CF72211E2075FC06002119F3 /* Resources */ = {
			isa = PBXResourcesBuildPhase;
			buildActionMask = 2147483647;
			files = (
				CF2BA9B2208FFA6E0063792A /* CategoryCell.swift in Resources */,
				CF2BA9B1208FFA6A0063792A /* AppDelegate.swift in Resources */,
				CF72212E2075FC06002119F3 /* LaunchScreen.storyboard in Resources */,
				CF72212B2075FC06002119F3 /* Assets.xcassets in Resources */,
				CF7221292075FC06002119F3 /* Main.storyboard in Resources */,
			);
			runOnlyForDeploymentPostprocessing = 0;
		};
		CF7221322075FC07002119F3 /* Resources */ = {
			isa = PBXResourcesBuildPhase;
			buildActionMask = 2147483647;
			files = (
			);
			runOnlyForDeploymentPostprocessing = 0;
		};
		CF72213D2075FC07002119F3 /* Resources */ = {
			isa = PBXResourcesBuildPhase;
			buildActionMask = 2147483647;
			files = (
			);
			runOnlyForDeploymentPostprocessing = 0;
		};
/* End PBXResourcesBuildPhase section */

/* Begin PBXSourcesBuildPhase section */
		CF72211C2075FC06002119F3 /* Sources */ = {
			isa = PBXSourcesBuildPhase;
			buildActionMask = 2147483647;
			files = (
				CF1F9AB420990B2E001C4A0A /* GeneralKnowledgeQuestions.swift in Sources */,
				CFFB9EE72098615800851344 /* QuestionDataProperties.swift in Sources */,
				CFFB9EE52098604700851344 /* QuestionData.swift in Sources */,
				CFCD20B22093A33F0065E433 /* triviaModel.xcdatamodeld in Sources */,
				CF1F9AC020990D7E001C4A0A /* QuestionScreenViewController.swift in Sources */,
				CF1F9ABA20990C20001C4A0A /* Question.swift in Sources */,
				CFFB9EEC20986BCA00851344 /* AnswerScreenViewController.swift in Sources */,
				CF1F9ABD20990D68001C4A0A /* CategoryTableViewController.swift in Sources */,
				CF7221242075FC06002119F3 /* AppDelegate.swift in Sources */,
				CF8CED06207D7E0800C8226D /* CNPPopupController.m in Sources */,
				CF1F9AB820990BBE001C4A0A /* LiteratureQuestions.swift in Sources */,
				CF1F9E932091B4E50019C19A /* database.swift in Sources */,
				CF1F9AB620990B87001C4A0A /* HistoryQuestions.swift in Sources */,
				EC4984882086AE11007C0445 /* CategoryCell.swift in Sources */,
			);
			runOnlyForDeploymentPostprocessing = 0;
		};
		CF7221302075FC07002119F3 /* Sources */ = {
			isa = PBXSourcesBuildPhase;
			buildActionMask = 2147483647;
			files = (
				CF7221392075FC07002119F3 /* Trivia_GameTests.swift in Sources */,
			);
			runOnlyForDeploymentPostprocessing = 0;
		};
		CF72213B2075FC07002119F3 /* Sources */ = {
			isa = PBXSourcesBuildPhase;
			buildActionMask = 2147483647;
			files = (
				CF7221442075FC07002119F3 /* Trivia_GameUITests.swift in Sources */,
			);
			runOnlyForDeploymentPostprocessing = 0;
		};
/* End PBXSourcesBuildPhase section */

/* Begin PBXTargetDependency section */
		CF7221362075FC07002119F3 /* PBXTargetDependency */ = {
			isa = PBXTargetDependency;
			target = CF72211F2075FC06002119F3 /* Trivia Game */;
			targetProxy = CF7221352075FC07002119F3 /* PBXContainerItemProxy */;
		};
		CF7221412075FC07002119F3 /* PBXTargetDependency */ = {
			isa = PBXTargetDependency;
			target = CF72211F2075FC06002119F3 /* Trivia Game */;
			targetProxy = CF7221402075FC07002119F3 /* PBXContainerItemProxy */;
		};
/* End PBXTargetDependency section */

/* Begin PBXVariantGroup section */
		CF7221272075FC06002119F3 /* Main.storyboard */ = {
			isa = PBXVariantGroup;
			children = (
				CF7221282075FC06002119F3 /* Base */,
			);
			name = Main.storyboard;
			sourceTree = "<group>";
		};
		CF72212C2075FC06002119F3 /* LaunchScreen.storyboard */ = {
			isa = PBXVariantGroup;
			children = (
				CF72212D2075FC06002119F3 /* Base */,
			);
			name = LaunchScreen.storyboard;
			sourceTree = "<group>";
		};
/* End PBXVariantGroup section */

/* Begin XCBuildConfiguration section */
		CF7221462075FC07002119F3 /* Debug */ = {
			isa = XCBuildConfiguration;
			buildSettings = {
				ALWAYS_SEARCH_USER_PATHS = NO;
				CLANG_ANALYZER_NONNULL = YES;
				CLANG_ANALYZER_NUMBER_OBJECT_CONVERSION = YES_AGGRESSIVE;
				CLANG_CXX_LANGUAGE_STANDARD = "gnu++14";
				CLANG_CXX_LIBRARY = "libc++";
				CLANG_ENABLE_MODULES = YES;
				CLANG_ENABLE_OBJC_ARC = YES;
				CLANG_WARN_BLOCK_CAPTURE_AUTORELEASING = YES;
				CLANG_WARN_BOOL_CONVERSION = YES;
				CLANG_WARN_COMMA = YES;
				CLANG_WARN_CONSTANT_CONVERSION = YES;
				CLANG_WARN_DIRECT_OBJC_ISA_USAGE = YES_ERROR;
				CLANG_WARN_DOCUMENTATION_COMMENTS = YES;
				CLANG_WARN_EMPTY_BODY = YES;
				CLANG_WARN_ENUM_CONVERSION = YES;
				CLANG_WARN_INFINITE_RECURSION = YES;
				CLANG_WARN_INT_CONVERSION = YES;
				CLANG_WARN_NON_LITERAL_NULL_CONVERSION = YES;
				CLANG_WARN_OBJC_LITERAL_CONVERSION = YES;
				CLANG_WARN_OBJC_ROOT_CLASS = YES_ERROR;
				CLANG_WARN_RANGE_LOOP_ANALYSIS = YES;
				CLANG_WARN_STRICT_PROTOTYPES = YES;
				CLANG_WARN_SUSPICIOUS_MOVE = YES;
				CLANG_WARN_UNGUARDED_AVAILABILITY = YES_AGGRESSIVE;
				CLANG_WARN_UNREACHABLE_CODE = YES;
				CLANG_WARN__DUPLICATE_METHOD_MATCH = YES;
				CODE_SIGN_IDENTITY = "iPhone Developer";
				COPY_PHASE_STRIP = NO;
				DEBUG_INFORMATION_FORMAT = dwarf;
				ENABLE_STRICT_OBJC_MSGSEND = YES;
				ENABLE_TESTABILITY = YES;
				GCC_C_LANGUAGE_STANDARD = gnu11;
				GCC_DYNAMIC_NO_PIC = NO;
				GCC_NO_COMMON_BLOCKS = YES;
				GCC_OPTIMIZATION_LEVEL = 0;
				GCC_PREPROCESSOR_DEFINITIONS = (
					"DEBUG=1",
					"$(inherited)",
				);
				GCC_WARN_64_TO_32_BIT_CONVERSION = YES;
				GCC_WARN_ABOUT_RETURN_TYPE = YES_ERROR;
				GCC_WARN_UNDECLARED_SELECTOR = YES;
				GCC_WARN_UNINITIALIZED_AUTOS = YES_AGGRESSIVE;
				GCC_WARN_UNUSED_FUNCTION = YES;
				GCC_WARN_UNUSED_VARIABLE = YES;
				IPHONEOS_DEPLOYMENT_TARGET = 11.2;
				MTL_ENABLE_DEBUG_INFO = YES;
				ONLY_ACTIVE_ARCH = YES;
				SDKROOT = iphoneos;
				SWIFT_ACTIVE_COMPILATION_CONDITIONS = DEBUG;
				SWIFT_OPTIMIZATION_LEVEL = "-Onone";
			};
			name = Debug;
		};
		CF7221472075FC07002119F3 /* Release */ = {
			isa = XCBuildConfiguration;
			buildSettings = {
				ALWAYS_SEARCH_USER_PATHS = NO;
				CLANG_ANALYZER_NONNULL = YES;
				CLANG_ANALYZER_NUMBER_OBJECT_CONVERSION = YES_AGGRESSIVE;
				CLANG_CXX_LANGUAGE_STANDARD = "gnu++14";
				CLANG_CXX_LIBRARY = "libc++";
				CLANG_ENABLE_MODULES = YES;
				CLANG_ENABLE_OBJC_ARC = YES;
				CLANG_WARN_BLOCK_CAPTURE_AUTORELEASING = YES;
				CLANG_WARN_BOOL_CONVERSION = YES;
				CLANG_WARN_COMMA = YES;
				CLANG_WARN_CONSTANT_CONVERSION = YES;
				CLANG_WARN_DIRECT_OBJC_ISA_USAGE = YES_ERROR;
				CLANG_WARN_DOCUMENTATION_COMMENTS = YES;
				CLANG_WARN_EMPTY_BODY = YES;
				CLANG_WARN_ENUM_CONVERSION = YES;
				CLANG_WARN_INFINITE_RECURSION = YES;
				CLANG_WARN_INT_CONVERSION = YES;
				CLANG_WARN_NON_LITERAL_NULL_CONVERSION = YES;
				CLANG_WARN_OBJC_LITERAL_CONVERSION = YES;
				CLANG_WARN_OBJC_ROOT_CLASS = YES_ERROR;
				CLANG_WARN_RANGE_LOOP_ANALYSIS = YES;
				CLANG_WARN_STRICT_PROTOTYPES = YES;
				CLANG_WARN_SUSPICIOUS_MOVE = YES;
				CLANG_WARN_UNGUARDED_AVAILABILITY = YES_AGGRESSIVE;
				CLANG_WARN_UNREACHABLE_CODE = YES;
				CLANG_WARN__DUPLICATE_METHOD_MATCH = YES;
				CODE_SIGN_IDENTITY = "iPhone Developer";
				COPY_PHASE_STRIP = NO;
				DEBUG_INFORMATION_FORMAT = "dwarf-with-dsym";
				ENABLE_NS_ASSERTIONS = NO;
				ENABLE_STRICT_OBJC_MSGSEND = YES;
				GCC_C_LANGUAGE_STANDARD = gnu11;
				GCC_NO_COMMON_BLOCKS = YES;
				GCC_WARN_64_TO_32_BIT_CONVERSION = YES;
				GCC_WARN_ABOUT_RETURN_TYPE = YES_ERROR;
				GCC_WARN_UNDECLARED_SELECTOR = YES;
				GCC_WARN_UNINITIALIZED_AUTOS = YES_AGGRESSIVE;
				GCC_WARN_UNUSED_FUNCTION = YES;
				GCC_WARN_UNUSED_VARIABLE = YES;
				IPHONEOS_DEPLOYMENT_TARGET = 11.2;
				MTL_ENABLE_DEBUG_INFO = NO;
				SDKROOT = iphoneos;
				SWIFT_OPTIMIZATION_LEVEL = "-Owholemodule";
				VALIDATE_PRODUCT = YES;
			};
			name = Release;
		};
		CF7221492075FC07002119F3 /* Debug */ = {
			isa = XCBuildConfiguration;
			buildSettings = {
				ASSETCATALOG_COMPILER_APPICON_NAME = AppIcon;
				CLANG_ENABLE_MODULES = YES;
				CODE_SIGN_STYLE = Automatic;
				INFOPLIST_FILE = "Trivia Game/Info.plist";
				LD_RUNPATH_SEARCH_PATHS = "$(inherited) @executable_path/Frameworks";
				PRODUCT_BUNDLE_IDENTIFIER = "example.Trivia-Game";
				PRODUCT_NAME = "$(TARGET_NAME)";
				SWIFT_OBJC_BRIDGING_HEADER = "Trivia Game/Trivia Game-Bridging-Header.h";
				SWIFT_OPTIMIZATION_LEVEL = "-Onone";
				SWIFT_VERSION = 4.0;
				TARGETED_DEVICE_FAMILY = "1,2";
			};
			name = Debug;
		};
		CF72214A2075FC07002119F3 /* Release */ = {
			isa = XCBuildConfiguration;
			buildSettings = {
				ASSETCATALOG_COMPILER_APPICON_NAME = AppIcon;
				CLANG_ENABLE_MODULES = YES;
				CODE_SIGN_STYLE = Automatic;
				INFOPLIST_FILE = "Trivia Game/Info.plist";
				LD_RUNPATH_SEARCH_PATHS = "$(inherited) @executable_path/Frameworks";
				PRODUCT_BUNDLE_IDENTIFIER = "example.Trivia-Game";
				PRODUCT_NAME = "$(TARGET_NAME)";
				SWIFT_OBJC_BRIDGING_HEADER = "Trivia Game/Trivia Game-Bridging-Header.h";
				SWIFT_VERSION = 4.0;
				TARGETED_DEVICE_FAMILY = "1,2";
			};
			name = Release;
		};
		CF72214C2075FC07002119F3 /* Debug */ = {
			isa = XCBuildConfiguration;
			buildSettings = {
				ALWAYS_EMBED_SWIFT_STANDARD_LIBRARIES = YES;
				BUNDLE_LOADER = "$(TEST_HOST)";
				CODE_SIGN_STYLE = Automatic;
				INFOPLIST_FILE = "Trivia GameTests/Info.plist";
				LD_RUNPATH_SEARCH_PATHS = "$(inherited) @executable_path/Frameworks @loader_path/Frameworks";
				PRODUCT_BUNDLE_IDENTIFIER = "example.Trivia-GameTests";
				PRODUCT_NAME = "$(TARGET_NAME)";
				SWIFT_VERSION = 4.0;
				TARGETED_DEVICE_FAMILY = "1,2";
				TEST_HOST = "$(BUILT_PRODUCTS_DIR)/Trivia Game.app/Trivia Game";
			};
			name = Debug;
		};
		CF72214D2075FC07002119F3 /* Release */ = {
			isa = XCBuildConfiguration;
			buildSettings = {
				ALWAYS_EMBED_SWIFT_STANDARD_LIBRARIES = YES;
				BUNDLE_LOADER = "$(TEST_HOST)";
				CODE_SIGN_STYLE = Automatic;
				INFOPLIST_FILE = "Trivia GameTests/Info.plist";
				LD_RUNPATH_SEARCH_PATHS = "$(inherited) @executable_path/Frameworks @loader_path/Frameworks";
				PRODUCT_BUNDLE_IDENTIFIER = "example.Trivia-GameTests";
				PRODUCT_NAME = "$(TARGET_NAME)";
				SWIFT_VERSION = 4.0;
				TARGETED_DEVICE_FAMILY = "1,2";
				TEST_HOST = "$(BUILT_PRODUCTS_DIR)/Trivia Game.app/Trivia Game";
			};
			name = Release;
		};
		CF72214F2075FC07002119F3 /* Debug */ = {
			isa = XCBuildConfiguration;
			buildSettings = {
				ALWAYS_EMBED_SWIFT_STANDARD_LIBRARIES = YES;
				CODE_SIGN_STYLE = Automatic;
				INFOPLIST_FILE = "Trivia GameUITests/Info.plist";
				LD_RUNPATH_SEARCH_PATHS = "$(inherited) @executable_path/Frameworks @loader_path/Frameworks";
				PRODUCT_BUNDLE_IDENTIFIER = "example.Trivia-GameUITests";
				PRODUCT_NAME = "$(TARGET_NAME)";
				SWIFT_VERSION = 4.0;
				TARGETED_DEVICE_FAMILY = "1,2";
				TEST_TARGET_NAME = "Trivia Game";
			};
			name = Debug;
		};
		CF7221502075FC07002119F3 /* Release */ = {
			isa = XCBuildConfiguration;
			buildSettings = {
				ALWAYS_EMBED_SWIFT_STANDARD_LIBRARIES = YES;
				CODE_SIGN_STYLE = Automatic;
				INFOPLIST_FILE = "Trivia GameUITests/Info.plist";
				LD_RUNPATH_SEARCH_PATHS = "$(inherited) @executable_path/Frameworks @loader_path/Frameworks";
				PRODUCT_BUNDLE_IDENTIFIER = "example.Trivia-GameUITests";
				PRODUCT_NAME = "$(TARGET_NAME)";
				SWIFT_VERSION = 4.0;
				TARGETED_DEVICE_FAMILY = "1,2";
				TEST_TARGET_NAME = "Trivia Game";
			};
			name = Release;
		};
/* End XCBuildConfiguration section */

/* Begin XCConfigurationList section */
		CF72211B2075FC06002119F3 /* Build configuration list for PBXProject "Trivia Game" */ = {
			isa = XCConfigurationList;
			buildConfigurations = (
				CF7221462075FC07002119F3 /* Debug */,
				CF7221472075FC07002119F3 /* Release */,
			);
			defaultConfigurationIsVisible = 0;
			defaultConfigurationName = Release;
		};
		CF7221482075FC07002119F3 /* Build configuration list for PBXNativeTarget "Trivia Game" */ = {
			isa = XCConfigurationList;
			buildConfigurations = (
				CF7221492075FC07002119F3 /* Debug */,
				CF72214A2075FC07002119F3 /* Release */,
			);
			defaultConfigurationIsVisible = 0;
			defaultConfigurationName = Release;
		};
		CF72214B2075FC07002119F3 /* Build configuration list for PBXNativeTarget "Trivia GameTests" */ = {
			isa = XCConfigurationList;
			buildConfigurations = (
				CF72214C2075FC07002119F3 /* Debug */,
				CF72214D2075FC07002119F3 /* Release */,
			);
			defaultConfigurationIsVisible = 0;
			defaultConfigurationName = Release;
		};
		CF72214E2075FC07002119F3 /* Build configuration list for PBXNativeTarget "Trivia GameUITests" */ = {
			isa = XCConfigurationList;
			buildConfigurations = (
				CF72214F2075FC07002119F3 /* Debug */,
				CF7221502075FC07002119F3 /* Release */,
			);
			defaultConfigurationIsVisible = 0;
			defaultConfigurationName = Release;
		};
/* End XCConfigurationList section */

/* Begin XCVersionGroup section */
		CFCD20B02093A33F0065E433 /* triviaModel.xcdatamodeld */ = {
			isa = XCVersionGroup;
			children = (
				CFCD20B12093A33F0065E433 /* triviaModel.xcdatamodel */,
			);
			currentVersion = CFCD20B12093A33F0065E433 /* triviaModel.xcdatamodel */;
			path = triviaModel.xcdatamodeld;
			sourceTree = "<group>";
			versionGroupType = wrapper.xcdatamodel;
		};
/* End XCVersionGroup section */
	};
	rootObject = CF7221182075FC06002119F3 /* Project object */;
}
